
Microsoft Visual Studio Solution File, Format Version 12.00
# Visual Studio Version 16
Project("{2150E333-8FDC-42A3-9474-1A3956D46DE8}") = "CMakePredefinedTargets", "CMakePredefinedTargets", "{F8C74807-F78B-33D9-9406-4C981F79466C}"
EndProject
Project("{2150E333-8FDC-42A3-9474-1A3956D46DE8}") = "External", "External", "{7F858F3F-5802-3EC8-9CC8-41DA19786BBC}"
EndProject
Project("{2150E333-8FDC-42A3-9474-1A3956D46DE8}") = "Internal", "Internal", "{5A87185D-C6C3-36DF-A56A-7A757D985211}"
EndProject
Project("{2150E333-8FDC-42A3-9474-1A3956D46DE8}") = "Utils", "Utils", "{3288250C-515F-338B-8D3B-CEDA00F2C536}"
EndProject
Project("{8BC9CEB8-8B4A-11D0-8D11-00A0C91BC942}") = "ALL_BUILD", "ALL_BUILD.vcxproj", "{38CE3E60-2451-3BF3-A7D3-509E0B212ECB}"
	ProjectSection(ProjectDependencies) = postProject
		{676EEA20-33BF-3EF0-A40B-30A847532D28} = {676EEA20-33BF-3EF0-A40B-30A847532D28}
		{953C7ABB-FC40-3A1F-B0EB-935015237199} = {953C7ABB-FC40-3A1F-B0EB-935015237199}
		{3EE8AC57-32D1-371E-8C3B-2FDA16BEEE20} = {3EE8AC57-32D1-371E-8C3B-2FDA16BEEE20}
		{869A9522-868F-3C38-95B6-4F343B6F33AA} = {869A9522-868F-3C38-95B6-4F343B6F33AA}
		{46EEA211-96CE-3E27-B498-F6372951B1F5} = {46EEA211-96CE-3E27-B498-F6372951B1F5}
		{B10C01A9-0287-38C2-BEDA-5AE05C1CAFFE} = {B10C01A9-0287-38C2-BEDA-5AE05C1CAFFE}
		{2F5204A8-795B-349A-91D7-186D3C9CB548} = {2F5204A8-795B-349A-91D7-186D3C9CB548}
		{CE050C73-0426-3E67-8C63-D58BE305E1D4} = {CE050C73-0426-3E67-8C63-D58BE305E1D4}
		{D68DD5FF-66A9-3C34-A8A5-48789E105E22} = {D68DD5FF-66A9-3C34-A8A5-48789E105E22}
		{AAD9A87A-A110-3559-9D2F-1B507B59BA63} = {AAD9A87A-A110-3559-9D2F-1B507B59BA63}
		{0F018843-7D1C-31B3-A288-363D2E04F25F} = {0F018843-7D1C-31B3-A288-363D2E04F25F}
		{42D5B807-628F-3D90-8911-331753E3D4CB} = {42D5B807-628F-3D90-8911-331753E3D4CB}
		{2499ED77-7D1A-334B-97F8-C337719F9375} = {2499ED77-7D1A-334B-97F8-C337719F9375}
		{440C038A-CC4A-329E-88ED-C2EE4E9DEC9E} = {440C038A-CC4A-329E-88ED-C2EE4E9DEC9E}
		{44132C4F-DFD7-3BF6-8D9A-F4A13DA5290F} = {44132C4F-DFD7-3BF6-8D9A-F4A13DA5290F}
	EndProjectSection
EndProject
Project("{8BC9CEB8-8B4A-11D0-8D11-00A0C91BC942}") = "SYNC_RESOURCE-spaceinvader", "SYNC_RESOURCE-spaceinvader.vcxproj", "{676EEA20-33BF-3EF0-A40B-30A847532D28}"
	ProjectSection(ProjectDependencies) = postProject
		{953C7ABB-FC40-3A1F-B0EB-935015237199} = {953C7ABB-FC40-3A1F-B0EB-935015237199}
	EndProjectSection
EndProject
Project("{8BC9CEB8-8B4A-11D0-8D11-00A0C91BC942}") = "ZERO_CHECK", "ZERO_CHECK.vcxproj", "{953C7ABB-FC40-3A1F-B0EB-935015237199}"
	ProjectSection(ProjectDependencies) = postProject
	EndProjectSection
EndProject
Project("{8BC9CEB8-8B4A-11D0-8D11-00A0C91BC942}") = "cocos2d", "engine\cocos\core\cocos2d.vcxproj", "{3EE8AC57-32D1-371E-8C3B-2FDA16BEEE20}"
	ProjectSection(ProjectDependencies) = postProject
		{953C7ABB-FC40-3A1F-B0EB-935015237199} = {953C7ABB-FC40-3A1F-B0EB-935015237199}
		{869A9522-868F-3C38-95B6-4F343B6F33AA} = {869A9522-868F-3C38-95B6-4F343B6F33AA}
		{46EEA211-96CE-3E27-B498-F6372951B1F5} = {46EEA211-96CE-3E27-B498-F6372951B1F5}
		{B10C01A9-0287-38C2-BEDA-5AE05C1CAFFE} = {B10C01A9-0287-38C2-BEDA-5AE05C1CAFFE}
		{2F5204A8-795B-349A-91D7-186D3C9CB548} = {2F5204A8-795B-349A-91D7-186D3C9CB548}
		{CE050C73-0426-3E67-8C63-D58BE305E1D4} = {CE050C73-0426-3E67-8C63-D58BE305E1D4}
		{D68DD5FF-66A9-3C34-A8A5-48789E105E22} = {D68DD5FF-66A9-3C34-A8A5-48789E105E22}
		{AAD9A87A-A110-3559-9D2F-1B507B59BA63} = {AAD9A87A-A110-3559-9D2F-1B507B59BA63}
		{0F018843-7D1C-31B3-A288-363D2E04F25F} = {0F018843-7D1C-31B3-A288-363D2E04F25F}
		{42D5B807-628F-3D90-8911-331753E3D4CB} = {42D5B807-628F-3D90-8911-331753E3D4CB}
		{2499ED77-7D1A-334B-97F8-C337719F9375} = {2499ED77-7D1A-334B-97F8-C337719F9375}
		{440C038A-CC4A-329E-88ED-C2EE4E9DEC9E} = {440C038A-CC4A-329E-88ED-C2EE4E9DEC9E}
	EndProjectSection
EndProject
Project("{8BC9CEB8-8B4A-11D0-8D11-00A0C91BC942}") = "ext_clipper", "engine\external\clipper\ext_clipper.vcxproj", "{869A9522-868F-3C38-95B6-4F343B6F33AA}"
	ProjectSection(ProjectDependencies) = postProject
		{953C7ABB-FC40-3A1F-B0EB-935015237199} = {953C7ABB-FC40-3A1F-B0EB-935015237199}
	EndProjectSection
EndProject
Project("{8BC9CEB8-8B4A-11D0-8D11-00A0C91BC942}") = "ext_convertUTF", "engine\external\ConvertUTF\ext_convertUTF.vcxproj", "{46EEA211-96CE-3E27-B498-F6372951B1F5}"
	ProjectSection(ProjectDependencies) = postProject
		{953C7ABB-FC40-3A1F-B0EB-935015237199} = {953C7ABB-FC40-3A1F-B0EB-935015237199}
	EndProjectSection
EndProject
Project("{8BC9CEB8-8B4A-11D0-8D11-00A0C91BC942}") = "ext_edtaa3func", "engine\external\edtaa3func\ext_edtaa3func.vcxproj", "{B10C01A9-0287-38C2-BEDA-5AE05C1CAFFE}"
	ProjectSection(ProjectDependencies) = postProject
		{953C7ABB-FC40-3A1F-B0EB-935015237199} = {953C7ABB-FC40-3A1F-B0EB-935015237199}
	EndProjectSection
EndProject
Project("{8BC9CEB8-8B4A-11D0-8D11-00A0C91BC942}") = "ext_md5", "engine\external\md5\ext_md5.vcxproj", "{2F5204A8-795B-349A-91D7-186D3C9CB548}"
	ProjectSection(ProjectDependencies) = postProject
		{953C7ABB-FC40-3A1F-B0EB-935015237199} = {953C7ABB-FC40-3A1F-B0EB-935015237199}
	EndProjectSection
EndProject
Project("{8BC9CEB8-8B4A-11D0-8D11-00A0C91BC942}") = "ext_poly2tri", "engine\external\poly2tri\ext_poly2tri.vcxproj", "{CE050C73-0426-3E67-8C63-D58BE305E1D4}"
	ProjectSection(ProjectDependencies) = postProject
		{953C7ABB-FC40-3A1F-B0EB-935015237199} = {953C7ABB-FC40-3A1F-B0EB-935015237199}
	EndProjectSection
EndProject
Project("{8BC9CEB8-8B4A-11D0-8D11-00A0C91BC942}") = "ext_recast", "engine\external\recast\ext_recast.vcxproj", "{D68DD5FF-66A9-3C34-A8A5-48789E105E22}"
	ProjectSection(ProjectDependencies) = postProject
		{953C7ABB-FC40-3A1F-B0EB-935015237199} = {953C7ABB-FC40-3A1F-B0EB-935015237199}
	EndProjectSection
EndProject
Project("{8BC9CEB8-8B4A-11D0-8D11-00A0C91BC942}") = "ext_tinyxml2", "engine\external\tinyxml2\ext_tinyxml2.vcxproj", "{AAD9A87A-A110-3559-9D2F-1B507B59BA63}"
	ProjectSection(ProjectDependencies) = postProject
		{953C7ABB-FC40-3A1F-B0EB-935015237199} = {953C7ABB-FC40-3A1F-B0EB-935015237199}
	EndProjectSection
EndProject
Project("{8BC9CEB8-8B4A-11D0-8D11-00A0C91BC942}") = "ext_unzip", "engine\external\unzip\ext_unzip.vcxproj", "{0F018843-7D1C-31B3-A288-363D2E04F25F}"
	ProjectSection(ProjectDependencies) = postProject
		{953C7ABB-FC40-3A1F-B0EB-935015237199} = {953C7ABB-FC40-3A1F-B0EB-935015237199}
	EndProjectSection
EndProject
Project("{8BC9CEB8-8B4A-11D0-8D11-00A0C91BC942}") = "ext_xxhash", "engine\external\xxhash\ext_xxhash.vcxproj", "{42D5B807-628F-3D90-8911-331753E3D4CB}"
	ProjectSection(ProjectDependencies) = postProject
		{953C7ABB-FC40-3A1F-B0EB-935015237199} = {953C7ABB-FC40-3A1F-B0EB-935015237199}
	EndProjectSection
EndProject
Project("{8BC9CEB8-8B4A-11D0-8D11-00A0C91BC942}") = "ext_xxtea", "engine\external\xxtea\ext_xxtea.vcxproj", "{2499ED77-7D1A-334B-97F8-C337719F9375}"
	ProjectSection(ProjectDependencies) = postProject
		{953C7ABB-FC40-3A1F-B0EB-935015237199} = {953C7ABB-FC40-3A1F-B0EB-935015237199}
	EndProjectSection
EndProject
Project("{8BC9CEB8-8B4A-11D0-8D11-00A0C91BC942}") = "external", "engine\external\external.vcxproj", "{440C038A-CC4A-329E-88ED-C2EE4E9DEC9E}"
	ProjectSection(ProjectDependencies) = postProject
		{953C7ABB-FC40-3A1F-B0EB-935015237199} = {953C7ABB-FC40-3A1F-B0EB-935015237199}
		{869A9522-868F-3C38-95B6-4F343B6F33AA} = {869A9522-868F-3C38-95B6-4F343B6F33AA}
		{46EEA211-96CE-3E27-B498-F6372951B1F5} = {46EEA211-96CE-3E27-B498-F6372951B1F5}
		{B10C01A9-0287-38C2-BEDA-5AE05C1CAFFE} = {B10C01A9-0287-38C2-BEDA-5AE05C1CAFFE}
		{2F5204A8-795B-349A-91D7-186D3C9CB548} = {2F5204A8-795B-349A-91D7-186D3C9CB548}
		{CE050C73-0426-3E67-8C63-D58BE305E1D4} = {CE050C73-0426-3E67-8C63-D58BE305E1D4}
		{D68DD5FF-66A9-3C34-A8A5-48789E105E22} = {D68DD5FF-66A9-3C34-A8A5-48789E105E22}
		{AAD9A87A-A110-3559-9D2F-1B507B59BA63} = {AAD9A87A-A110-3559-9D2F-1B507B59BA63}
		{0F018843-7D1C-31B3-A288-363D2E04F25F} = {0F018843-7D1C-31B3-A288-363D2E04F25F}
		{42D5B807-628F-3D90-8911-331753E3D4CB} = {42D5B807-628F-3D90-8911-331753E3D4CB}
		{2499ED77-7D1A-334B-97F8-C337719F9375} = {2499ED77-7D1A-334B-97F8-C337719F9375}
	EndProjectSection
EndProject
Project("{8BC9CEB8-8B4A-11D0-8D11-00A0C91BC942}") = "spaceinvader", "spaceinvader.vcxproj", "{44132C4F-DFD7-3BF6-8D9A-F4A13DA5290F}"
	ProjectSection(ProjectDependencies) = postProject
		{676EEA20-33BF-3EF0-A40B-30A847532D28} = {676EEA20-33BF-3EF0-A40B-30A847532D28}
		{953C7ABB-FC40-3A1F-B0EB-935015237199} = {953C7ABB-FC40-3A1F-B0EB-935015237199}
		{3EE8AC57-32D1-371E-8C3B-2FDA16BEEE20} = {3EE8AC57-32D1-371E-8C3B-2FDA16BEEE20}
		{869A9522-868F-3C38-95B6-4F343B6F33AA} = {869A9522-868F-3C38-95B6-4F343B6F33AA}
		{46EEA211-96CE-3E27-B498-F6372951B1F5} = {46EEA211-96CE-3E27-B498-F6372951B1F5}
		{B10C01A9-0287-38C2-BEDA-5AE05C1CAFFE} = {B10C01A9-0287-38C2-BEDA-5AE05C1CAFFE}
		{2F5204A8-795B-349A-91D7-186D3C9CB548} = {2F5204A8-795B-349A-91D7-186D3C9CB548}
		{CE050C73-0426-3E67-8C63-D58BE305E1D4} = {CE050C73-0426-3E67-8C63-D58BE305E1D4}
		{D68DD5FF-66A9-3C34-A8A5-48789E105E22} = {D68DD5FF-66A9-3C34-A8A5-48789E105E22}
		{AAD9A87A-A110-3559-9D2F-1B507B59BA63} = {AAD9A87A-A110-3559-9D2F-1B507B59BA63}
		{0F018843-7D1C-31B3-A288-363D2E04F25F} = {0F018843-7D1C-31B3-A288-363D2E04F25F}
		{42D5B807-628F-3D90-8911-331753E3D4CB} = {42D5B807-628F-3D90-8911-331753E3D4CB}
		{2499ED77-7D1A-334B-97F8-C337719F9375} = {2499ED77-7D1A-334B-97F8-C337719F9375}
		{440C038A-CC4A-329E-88ED-C2EE4E9DEC9E} = {440C038A-CC4A-329E-88ED-C2EE4E9DEC9E}
	EndProjectSection
EndProject
Global
	GlobalSection(SolutionConfigurationPlatforms) = preSolution
		Debug|Win32 = Debug|Win32
		Release|Win32 = Release|Win32
		MinSizeRel|Win32 = MinSizeRel|Win32
		RelWithDebInfo|Win32 = RelWithDebInfo|Win32
	EndGlobalSection
	GlobalSection(ProjectConfigurationPlatforms) = postSolution
		{38CE3E60-2451-3BF3-A7D3-509E0B212ECB}.Debug|Win32.ActiveCfg = Debug|Win32
		{38CE3E60-2451-3BF3-A7D3-509E0B212ECB}.Release|Win32.ActiveCfg = Release|Win32
		{38CE3E60-2451-3BF3-A7D3-509E0B212ECB}.MinSizeRel|Win32.ActiveCfg = MinSizeRel|Win32
		{38CE3E60-2451-3BF3-A7D3-509E0B212ECB}.RelWithDebInfo|Win32.ActiveCfg = RelWithDebInfo|Win32
		{676EEA20-33BF-3EF0-A40B-30A847532D28}.Debug|Win32.ActiveCfg = Debug|Win32
		{676EEA20-33BF-3EF0-A40B-30A847532D28}.Debug|Win32.Build.0 = Debug|Win32
		{676EEA20-33BF-3EF0-A40B-30A847532D28}.Release|Win32.ActiveCfg = Release|Win32
		{676EEA20-33BF-3EF0-A40B-30A847532D28}.Release|Win32.Build.0 = Release|Win32
		{676EEA20-33BF-3EF0-A40B-30A847532D28}.MinSizeRel|Win32.ActiveCfg = MinSizeRel|Win32
		{676EEA20-33BF-3EF0-A40B-30A847532D28}.MinSizeRel|Win32.Build.0 = MinSizeRel|Win32
		{676EEA20-33BF-3EF0-A40B-30A847532D28}.RelWithDebInfo|Win32.ActiveCfg = RelWithDebInfo|Win32
		{676EEA20-33BF-3EF0-A40B-30A847532D28}.RelWithDebInfo|Win32.Build.0 = RelWithDebInfo|Win32
		{953C7ABB-FC40-3A1F-B0EB-935015237199}.Debug|Win32.ActiveCfg = Debug|Win32
		{953C7ABB-FC40-3A1F-B0EB-935015237199}.Debug|Win32.Build.0 = Debug|Win32
		{953C7ABB-FC40-3A1F-B0EB-935015237199}.Release|Win32.ActiveCfg = Release|Win32
		{953C7ABB-FC40-3A1F-B0EB-935015237199}.Release|Win32.Build.0 = Release|Win32
		{953C7ABB-FC40-3A1F-B0EB-935015237199}.MinSizeRel|Win32.ActiveCfg = MinSizeRel|Win32
		{953C7ABB-FC40-3A1F-B0EB-935015237199}.MinSizeRel|Win32.Build.0 = MinSizeRel|Win32
		{953C7ABB-FC40-3A1F-B0EB-935015237199}.RelWithDebInfo|Win32.ActiveCfg = RelWithDebInfo|Win32
		{953C7ABB-FC40-3A1F-B0EB-935015237199}.RelWithDebInfo|Win32.Build.0 = RelWithDebInfo|Win32
		{3EE8AC57-32D1-371E-8C3B-2FDA16BEEE20}.Debug|Win32.ActiveCfg = Debug|Win32
		{3EE8AC57-32D1-371E-8C3B-2FDA16BEEE20}.Debug|Win32.Build.0 = Debug|Win32
		{3EE8AC57-32D1-371E-8C3B-2FDA16BEEE20}.Release|Win32.ActiveCfg = Release|Win32
		{3EE8AC57-32D1-371E-8C3B-2FDA16BEEE20}.Release|Win32.Build.0 = Release|Win32
		{3EE8AC57-32D1-371E-8C3B-2FDA16BEEE20}.MinSizeRel|Win32.ActiveCfg = MinSizeRel|Win32
		{3EE8AC57-32D1-371E-8C3B-2FDA16BEEE20}.MinSizeRel|Win32.Build.0 = MinSizeRel|Win32
		{3EE8AC57-32D1-371E-8C3B-2FDA16BEEE20}.RelWithDebInfo|Win32.ActiveCfg = RelWithDebInfo|Win32
		{3EE8AC57-32D1-371E-8C3B-2FDA16BEEE20}.RelWithDebInfo|Win32.Build.0 = RelWithDebInfo|Win32
		{869A9522-868F-3C38-95B6-4F343B6F33AA}.Debug|Win32.ActiveCfg = Debug|Win32
		{869A9522-868F-3C38-95B6-4F343B6F33AA}.Debug|Win32.Build.0 = Debug|Win32
		{869A9522-868F-3C38-95B6-4F343B6F33AA}.Release|Win32.ActiveCfg = Release|Win32
		{869A9522-868F-3C38-95B6-4F343B6F33AA}.Release|Win32.Build.0 = Release|Win32
		{869A9522-868F-3C38-95B6-4F343B6F33AA}.MinSizeRel|Win32.ActiveCfg = MinSizeRel|Win32
		{869A9522-868F-3C38-95B6-4F343B6F33AA}.MinSizeRel|Win32.Build.0 = MinSizeRel|Win32
		{869A9522-868F-3C38-95B6-4F343B6F33AA}.RelWithDebInfo|Win32.ActiveCfg = RelWithDebInfo|Win32
		{869A9522-868F-3C38-95B6-4F343B6F33AA}.RelWithDebInfo|Win32.Build.0 = RelWithDebInfo|Win32
		{46EEA211-96CE-3E27-B498-F6372951B1F5}.Debug|Win32.ActiveCfg = Debug|Win32
		{46EEA211-96CE-3E27-B498-F6372951B1F5}.Debug|Win32.Build.0 = Debug|Win32
		{46EEA211-96CE-3E27-B498-F6372951B1F5}.Release|Win32.ActiveCfg = Release|Win32
		{46EEA211-96CE-3E27-B498-F6372951B1F5}.Release|Win32.Build.0 = Release|Win32
		{46EEA211-96CE-3E27-B498-F6372951B1F5}.MinSizeRel|Win32.ActiveCfg = MinSizeRel|Win32
		{46EEA211-96CE-3E27-B498-F6372951B1F5}.MinSizeRel|Win32.Build.0 = MinSizeRel|Win32
		{46EEA211-96CE-3E27-B498-F6372951B1F5}.RelWithDebInfo|Win32.ActiveCfg = RelWithDebInfo|Win32
		{46EEA211-96CE-3E27-B498-F6372951B1F5}.RelWithDebInfo|Win32.Build.0 = RelWithDebInfo|Win32
		{B10C01A9-0287-38C2-BEDA-5AE05C1CAFFE}.Debug|Win32.ActiveCfg = Debug|Win32
		{B10C01A9-0287-38C2-BEDA-5AE05C1CAFFE}.Debug|Win32.Build.0 = Debug|Win32
		{B10C01A9-0287-38C2-BEDA-5AE05C1CAFFE}.Release|Win32.ActiveCfg = Release|Win32
		{B10C01A9-0287-38C2-BEDA-5AE05C1CAFFE}.Release|Win32.Build.0 = Release|Win32
		{B10C01A9-0287-38C2-BEDA-5AE05C1CAFFE}.MinSizeRel|Win32.ActiveCfg = MinSizeRel|Win32
		{B10C01A9-0287-38C2-BEDA-5AE05C1CAFFE}.MinSizeRel|Win32.Build.0 = MinSizeRel|Win32
		{B10C01A9-0287-38C2-BEDA-5AE05C1CAFFE}.RelWithDebInfo|Win32.ActiveCfg = RelWithDebInfo|Win32
		{B10C01A9-0287-38C2-BEDA-5AE05C1CAFFE}.RelWithDebInfo|Win32.Build.0 = RelWithDebInfo|Win32
		{2F5204A8-795B-349A-91D7-186D3C9CB548}.Debug|Win32.ActiveCfg = Debug|Win32
		{2F5204A8-795B-349A-91D7-186D3C9CB548}.Debug|Win32.Build.0 = Debug|Win32
		{2F5204A8-795B-349A-91D7-186D3C9CB548}.Release|Win32.ActiveCfg = Release|Win32
		{2F5204A8-795B-349A-91D7-186D3C9CB548}.Release|Win32.Build.0 = Release|Win32
		{2F5204A8-795B-349A-91D7-186D3C9CB548}.MinSizeRel|Win32.ActiveCfg = MinSizeRel|Win32
		{2F5204A8-795B-349A-91D7-186D3C9CB548}.MinSizeRel|Win32.Build.0 = MinSizeRel|Win32
		{2F5204A8-795B-349A-91D7-186D3C9CB548}.RelWithDebInfo|Win32.ActiveCfg = RelWithDebInfo|Win32
		{2F5204A8-795B-349A-91D7-186D3C9CB548}.RelWithDebInfo|Win32.Build.0 = RelWithDebInfo|Win32
		{CE050C73-0426-3E67-8C63-D58BE305E1D4}.Debug|Win32.ActiveCfg = Debug|Win32
		{CE050C73-0426-3E67-8C63-D58BE305E1D4}.Debug|Win32.Build.0 = Debug|Win32
		{CE050C73-0426-3E67-8C63-D58BE305E1D4}.Release|Win32.ActiveCfg = Release|Win32
		{CE050C73-0426-3E67-8C63-D58BE305E1D4}.Release|Win32.Build.0 = Release|Win32
		{CE050C73-0426-3E67-8C63-D58BE305E1D4}.MinSizeRel|Win32.ActiveCfg = MinSizeRel|Win32
		{CE050C73-0426-3E67-8C63-D58BE305E1D4}.MinSizeRel|Win32.Build.0 = MinSizeRel|Win32
		{CE050C73-0426-3E67-8C63-D58BE305E1D4}.RelWithDebInfo|Win32.ActiveCfg = RelWithDebInfo|Win32
		{CE050C73-0426-3E67-8C63-D58BE305E1D4}.RelWithDebInfo|Win32.Build.0 = RelWithDebInfo|Win32
		{D68DD5FF-66A9-3C34-A8A5-48789E105E22}.Debug|Win32.ActiveCfg = Debug|Win32
		{D68DD5FF-66A9-3C34-A8A5-48789E105E22}.Debug|Win32.Build.0 = Debug|Win32
		{D68DD5FF-66A9-3C34-A8A5-48789E105E22}.Release|Win32.ActiveCfg = Release|Win32
		{D68DD5FF-66A9-3C34-A8A5-48789E105E22}.Release|Win32.Build.0 = Release|Win32
		{D68DD5FF-66A9-3C34-A8A5-48789E105E22}.MinSizeRel|Win32.ActiveCfg = MinSizeRel|Win32
		{D68DD5FF-66A9-3C34-A8A5-48789E105E22}.MinSizeRel|Win32.Build.0 = MinSizeRel|Win32
		{D68DD5FF-66A9-3C34-A8A5-48789E105E22}.RelWithDebInfo|Win32.ActiveCfg = RelWithDebInfo|Win32
		{D68DD5FF-66A9-3C34-A8A5-48789E105E22}.RelWithDebInfo|Win32.Build.0 = RelWithDebInfo|Win32
		{AAD9A87A-A110-3559-9D2F-1B507B59BA63}.Debug|Win32.ActiveCfg = Debug|Win32
		{AAD9A87A-A110-3559-9D2F-1B507B59BA63}.Debug|Win32.Build.0 = Debug|Win32
		{AAD9A87A-A110-3559-9D2F-1B507B59BA63}.Release|Win32.ActiveCfg = Release|Win32
		{AAD9A87A-A110-3559-9D2F-1B507B59BA63}.Release|Win32.Build.0 = Release|Win32
		{AAD9A87A-A110-3559-9D2F-1B507B59BA63}.MinSizeRel|Win32.ActiveCfg = MinSizeRel|Win32
		{AAD9A87A-A110-3559-9D2F-1B507B59BA63}.MinSizeRel|Win32.Build.0 = MinSizeRel|Win32
		{AAD9A87A-A110-3559-9D2F-1B507B59BA63}.RelWithDebInfo|Win32.ActiveCfg = RelWithDebInfo|Win32
		{AAD9A87A-A110-3559-9D2F-1B507B59BA63}.RelWithDebInfo|Win32.Build.0 = RelWithDebInfo|Win32
		{0F018843-7D1C-31B3-A288-363D2E04F25F}.Debug|Win32.ActiveCfg = Debug|Win32
		{0F018843-7D1C-31B3-A288-363D2E04F25F}.Debug|Win32.Build.0 = Debug|Win32
		{0F018843-7D1C-31B3-A288-363D2E04F25F}.Release|Win32.ActiveCfg = Release|Win32
		{0F018843-7D1C-31B3-A288-363D2E04F25F}.Release|Win32.Build.0 = Release|Win32
		{0F018843-7D1C-31B3-A288-363D2E04F25F}.MinSizeRel|Win32.ActiveCfg = MinSizeRel|Win32
		{0F018843-7D1C-31B3-A288-363D2E04F25F}.MinSizeRel|Win32.Build.0 = MinSizeRel|Win32
		{0F018843-7D1C-31B3-A288-363D2E04F25F}.RelWithDebInfo|Win32.ActiveCfg = RelWithDebInfo|Win32
		{0F018843-7D1C-31B3-A288-363D2E04F25F}.RelWithDebInfo|Win32.Build.0 = RelWithDebInfo|Win32
		{42D5B807-628F-3D90-8911-331753E3D4CB}.Debug|Win32.ActiveCfg = Debug|Win32
		{42D5B807-628F-3D90-8911-331753E3D4CB}.Debug|Win32.Build.0 = Debug|Win32
		{42D5B807-628F-3D90-8911-331753E3D4CB}.Release|Win32.ActiveCfg = Release|Win32
		{42D5B807-628F-3D90-8911-331753E3D4CB}.Release|Win32.Build.0 = Release|Win32
		{42D5B807-628F-3D90-8911-331753E3D4CB}.MinSizeRel|Win32.ActiveCfg = MinSizeRel|Win32
		{42D5B807-628F-3D90-8911-331753E3D4CB}.MinSizeRel|Win32.Build.0 = MinSizeRel|Win32
		{42D5B807-628F-3D90-8911-331753E3D4CB}.RelWithDebInfo|Win32.ActiveCfg = RelWithDebInfo|Win32
		{42D5B807-628F-3D90-8911-331753E3D4CB}.RelWithDebInfo|Win32.Build.0 = RelWithDebInfo|Win32
		{2499ED77-7D1A-334B-97F8-C337719F9375}.Debug|Win32.ActiveCfg = Debug|Win32
		{2499ED77-7D1A-334B-97F8-C337719F9375}.Debug|Win32.Build.0 = Debug|Win32
		{2499ED77-7D1A-334B-97F8-C337719F9375}.Release|Win32.ActiveCfg = Release|Win32
		{2499ED77-7D1A-334B-97F8-C337719F9375}.Release|Win32.Build.0 = Release|Win32
		{2499ED77-7D1A-334B-97F8-C337719F9375}.MinSizeRel|Win32.ActiveCfg = MinSizeRel|Win32
		{2499ED77-7D1A-334B-97F8-C337719F9375}.MinSizeRel|Win32.Build.0 = MinSizeRel|Win32
		{2499ED77-7D1A-334B-97F8-C337719F9375}.RelWithDebInfo|Win32.ActiveCfg = RelWithDebInfo|Win32
		{2499ED77-7D1A-334B-97F8-C337719F9375}.RelWithDebInfo|Win32.Build.0 = RelWithDebInfo|Win32
		{440C038A-CC4A-329E-88ED-C2EE4E9DEC9E}.Debug|Win32.ActiveCfg = Debug|Win32
		{440C038A-CC4A-329E-88ED-C2EE4E9DEC9E}.Debug|Win32.Build.0 = Debug|Win32
		{440C038A-CC4A-329E-88ED-C2EE4E9DEC9E}.Release|Win32.ActiveCfg = Release|Win32
		{440C038A-CC4A-329E-88ED-C2EE4E9DEC9E}.Release|Win32.Build.0 = Release|Win32
		{440C038A-CC4A-329E-88ED-C2EE4E9DEC9E}.MinSizeRel|Win32.ActiveCfg = MinSizeRel|Win32
		{440C038A-CC4A-329E-88ED-C2EE4E9DEC9E}.MinSizeRel|Win32.Build.0 = MinSizeRel|Win32
		{440C038A-CC4A-329E-88ED-C2EE4E9DEC9E}.RelWithDebInfo|Win32.ActiveCfg = RelWithDebInfo|Win32
		{440C038A-CC4A-329E-88ED-C2EE4E9DEC9E}.RelWithDebInfo|Win32.Build.0 = RelWithDebInfo|Win32
		{44132C4F-DFD7-3BF6-8D9A-F4A13DA5290F}.Debug|Win32.ActiveCfg = Debug|Win32
		{44132C4F-DFD7-3BF6-8D9A-F4A13DA5290F}.Debug|Win32.Build.0 = Debug|Win32
		{44132C4F-DFD7-3BF6-8D9A-F4A13DA5290F}.Release|Win32.ActiveCfg = Release|Win32
		{44132C4F-DFD7-3BF6-8D9A-F4A13DA5290F}.Release|Win32.Build.0 = Release|Win32
		{44132C4F-DFD7-3BF6-8D9A-F4A13DA5290F}.MinSizeRel|Win32.ActiveCfg = MinSizeRel|Win32
		{44132C4F-DFD7-3BF6-8D9A-F4A13DA5290F}.MinSizeRel|Win32.Build.0 = MinSizeRel|Win32
		{44132C4F-DFD7-3BF6-8D9A-F4A13DA5290F}.RelWithDebInfo|Win32.ActiveCfg = RelWithDebInfo|Win32
		{44132C4F-DFD7-3BF6-8D9A-F4A13DA5290F}.RelWithDebInfo|Win32.Build.0 = RelWithDebInfo|Win32
	EndGlobalSection
	GlobalSection(NestedProjects) = preSolution
		{38CE3E60-2451-3BF3-A7D3-509E0B212ECB} = {F8C74807-F78B-33D9-9406-4C981F79466C}
		{953C7ABB-FC40-3A1F-B0EB-935015237199} = {F8C74807-F78B-33D9-9406-4C981F79466C}
		{869A9522-868F-3C38-95B6-4F343B6F33AA} = {7F858F3F-5802-3EC8-9CC8-41DA19786BBC}
		{46EEA211-96CE-3E27-B498-F6372951B1F5} = {7F858F3F-5802-3EC8-9CC8-41DA19786BBC}
		{B10C01A9-0287-38C2-BEDA-5AE05C1CAFFE} = {7F858F3F-5802-3EC8-9CC8-41DA19786BBC}
		{2F5204A8-795B-349A-91D7-186D3C9CB548} = {7F858F3F-5802-3EC8-9CC8-41DA19786BBC}
		{CE050C73-0426-3E67-8C63-D58BE305E1D4} = {7F858F3F-5802-3EC8-9CC8-41DA19786BBC}
		{D68DD5FF-66A9-3C34-A8A5-48789E105E22} = {7F858F3F-5802-3EC8-9CC8-41DA19786BBC}
		{AAD9A87A-A110-3559-9D2F-1B507B59BA63} = {7F858F3F-5802-3EC8-9CC8-41DA19786BBC}
		{0F018843-7D1C-31B3-A288-363D2E04F25F} = {7F858F3F-5802-3EC8-9CC8-41DA19786BBC}
		{42D5B807-628F-3D90-8911-331753E3D4CB} = {7F858F3F-5802-3EC8-9CC8-41DA19786BBC}
		{2499ED77-7D1A-334B-97F8-C337719F9375} = {7F858F3F-5802-3EC8-9CC8-41DA19786BBC}
		{440C038A-CC4A-329E-88ED-C2EE4E9DEC9E} = {7F858F3F-5802-3EC8-9CC8-41DA19786BBC}
		{3EE8AC57-32D1-371E-8C3B-2FDA16BEEE20} = {5A87185D-C6C3-36DF-A56A-7A757D985211}
		{676EEA20-33BF-3EF0-A40B-30A847532D28} = {3288250C-515F-338B-8D3B-CEDA00F2C536}
	EndGlobalSection
	GlobalSection(ExtensibilityGlobals) = postSolution
		SolutionGuid = {FAEE29B1-B7BE-30CF-A652-90FC49EA7E05}
	EndGlobalSection
	GlobalSection(ExtensibilityAddIns) = postSolution
	EndGlobalSection
EndGlobal
