<?xml version="1.0" encoding="utf-8"?>
<Project ToolsVersion="16.0" xmlns="http://schemas.microsoft.com/developer/msbuild/2003">
  <ItemGroup>
    <CustomBuild Include="C:\Games\space\spaceinvader\proj.win32\CMakeFiles\3cbc438229e56191c55b8e5578543871\SYNC_RESOURCE-spaceinvader.rule">
      <Filter>CMake Rules</Filter>
    </CustomBuild>
    <CustomBuild Include="C:\Games\space\spaceinvader\CMakeLists.txt" />
  </ItemGroup>
  <ItemGroup>
    <None Include="C:\Games\space\spaceinvader\proj.win32\CMakeFiles\SYNC_RESOURCE-spaceinvader" />
  </ItemGroup>
  <ItemGroup>
    <Filter Include="CMake Rules">
      <UniqueIdentifier>{8E4B6FF3-F4E9-388D-A34B-40DE34245E2B}</UniqueIdentifier>
    </Filter>
  </ItemGroup>
</Project>
